
Microsoft Visual Studio Solution File, Format Version 12.00
# Visual Studio Version 16
VisualStudioVersion = 16.0.29503.13
MinimumVisualStudioVersion = 10.0.40219.1
Project("{FAE04EC0-301F-11D3-BF4B-00C04F79EFBC}") = "OOPDrawNew", "OOPDrawNew\OOPDrawNew.csproj", "{5259A1FA-4673-4228-9014-E16312085856}"
EndProject
Project("{FAE04EC0-301F-11D3-BF4B-00C04F79EFBC}") = "ShapesLibrary", "ShapesLibrary\ShapesLibrary.csproj", "{7FB54D6E-24AF-4B8E-986A-87EDCE685B5A}"
EndProject
Global
	GlobalSection(SolutionConfigurationPlatforms) = preSolution
		Debug|Any CPU = Debug|Any CPU
		Release|Any CPU = Release|Any CPU
	EndGlobalSection
	GlobalSection(ProjectConfigurationPlatforms) = postSolution
		{5259A1FA-4673-4228-9014-E16312085856}.Debug|Any CPU.ActiveCfg = Debug|Any CPU
		{5259A1FA-4673-4228-9014-E16312085856}.Debug|Any CPU.Build.0 = Debug|Any CPU
		{5259A1FA-4673-4228-9014-E16312085856}.Release|Any CPU.ActiveCfg = Release|Any CPU
		{5259A1FA-4673-4228-9014-E16312085856}.Release|Any CPU.Build.0 = Release|Any CPU
		{7FB54D6E-24AF-4B8E-986A-87EDCE685B5A}.Debug|Any CPU.ActiveCfg = Debug|Any CPU
		{7FB54D6E-24AF-4B8E-986A-87EDCE685B5A}.Debug|Any CPU.Build.0 = Debug|Any CPU
		{7FB54D6E-24AF-4B8E-986A-87EDCE685B5A}.Release|Any CPU.ActiveCfg = Release|Any CPU
		{7FB54D6E-24AF-4B8E-986A-87EDCE685B5A}.Release|Any CPU.Build.0 = Release|Any CPU
	EndGlobalSection
	GlobalSection(SolutionProperties) = preSolution
		HideSolutionNode = FALSE
	EndGlobalSection
	GlobalSection(ExtensibilityGlobals) = postSolution
		SolutionGuid = {C64DDC72-CE38-45E2-B869-D3ED9DCD39B6}
	EndGlobalSection
EndGlobal
